// !$*UTF8*$!
{
	archiveVersion = 1;
	classes = {
	};
	objectVersion = 51;
	objects = {

/* Begin PBXBuildFile section */
		570B6791228ADF6C00CA814F /* Basket.swift in Sources */ = {isa = PBXBuildFile; fileRef = 570B6790228ADF6C00CA814F /* Basket.swift */; };
		570B6793228ADF7800CA814F /* BasketRequestFactory.swift in Sources */ = {isa = PBXBuildFile; fileRef = 570B6792228ADF7800CA814F /* BasketRequestFactory.swift */; };
		570B6797228AE5E600CA814F /* GeekShopBasketTests.swift in Sources */ = {isa = PBXBuildFile; fileRef = 570B6796228AE5E600CA814F /* GeekShopBasketTests.swift */; };
		570B6799228AE69A00CA814F /* ResultResponse.swift in Sources */ = {isa = PBXBuildFile; fileRef = 570B6798228AE69A00CA814F /* ResultResponse.swift */; };
		570B679C228AE7A200CA814F /* GetBasketResponse.swift in Sources */ = {isa = PBXBuildFile; fileRef = 570B679B228AE7A200CA814F /* GetBasketResponse.swift */; };
		570B679E228AE7FD00CA814F /* BasketProduct.swift in Sources */ = {isa = PBXBuildFile; fileRef = 570B679D228AE7FD00CA814F /* BasketProduct.swift */; };
		5724F67B22DB8BEB002360EE /* UITextViewPlaceholder.swift in Sources */ = {isa = PBXBuildFile; fileRef = 5724F67A22DB8BEB002360EE /* UITextViewPlaceholder.swift */; };
		576F037022D9C704004015F9 /* RegisterViewController.swift in Sources */ = {isa = PBXBuildFile; fileRef = 576F036F22D9C704004015F9 /* RegisterViewController.swift */; };
		57871FA922675B090052E0A4 /* AppDelegate.swift in Sources */ = {isa = PBXBuildFile; fileRef = 57871FA822675B090052E0A4 /* AppDelegate.swift */; };
		57871FB022675B0B0052E0A4 /* Assets.xcassets in Resources */ = {isa = PBXBuildFile; fileRef = 57871FAF22675B0B0052E0A4 /* Assets.xcassets */; };
		57871FB322675B0B0052E0A4 /* LaunchScreen.storyboard in Resources */ = {isa = PBXBuildFile; fileRef = 57871FB122675B0B0052E0A4 /* LaunchScreen.storyboard */; };
		578C337E23F4276700897182 /* CreditCardField.swift in Sources */ = {isa = PBXBuildFile; fileRef = 578C337D23F4276700897182 /* CreditCardField.swift */; };
		578C338023F42E6F00897182 /* RegisterView.swift in Sources */ = {isa = PBXBuildFile; fileRef = 578C337F23F42E6F00897182 /* RegisterView.swift */; };
		578C338423F44F0900897182 /* ScrollableKeyboard.swift in Sources */ = {isa = PBXBuildFile; fileRef = 578C338323F44F0900897182 /* ScrollableKeyboard.swift */; };
		578C338A23F4545C00897182 /* GenderPicker.swift in Sources */ = {isa = PBXBuildFile; fileRef = 578C338923F4545C00897182 /* GenderPicker.swift */; };
		578C338C23F4561000897182 /* TapGestureToHideKeyboard.swift in Sources */ = {isa = PBXBuildFile; fileRef = 578C338B23F4561000897182 /* TapGestureToHideKeyboard.swift */; };
		578C338F23F462F000897182 /* LoginViewController.swift in Sources */ = {isa = PBXBuildFile; fileRef = 578C338E23F462F000897182 /* LoginViewController.swift */; };
		578C339123F4634600897182 /* LoginView.swift in Sources */ = {isa = PBXBuildFile; fileRef = 578C339023F4634600897182 /* LoginView.swift */; };
		578C339423F4659000897182 /* AuthorizationViewController.swift in Sources */ = {isa = PBXBuildFile; fileRef = 578C339323F4659000897182 /* AuthorizationViewController.swift */; };
		578C339723F4663D00897182 /* AuthorizationView.swift in Sources */ = {isa = PBXBuildFile; fileRef = 578C339623F4663D00897182 /* AuthorizationView.swift */; };
		578C339B23F4680F00897182 /* BaseRouter.swift in Sources */ = {isa = PBXBuildFile; fileRef = 578C339A23F4680F00897182 /* BaseRouter.swift */; };
		578C339D23F4682900897182 /* AuthorizationRouter.swift in Sources */ = {isa = PBXBuildFile; fileRef = 578C339C23F4682900897182 /* AuthorizationRouter.swift */; };
		578C339F23F4683900897182 /* AppStartManager.swift in Sources */ = {isa = PBXBuildFile; fileRef = 578C339E23F4683900897182 /* AppStartManager.swift */; };
		57C6294B2273853200C6080F /* GeekShopAuthTests.swift in Sources */ = {isa = PBXBuildFile; fileRef = 57C6294A2273853200C6080F /* GeekShopAuthTests.swift */; };
		57C6294D2273890800C6080F /* GeekShopCatalogTests.swift in Sources */ = {isa = PBXBuildFile; fileRef = 57C6294C2273890800C6080F /* GeekShopCatalogTests.swift */; };
		57C6294F2273894C00C6080F /* ShopRequestFactory.swift in Sources */ = {isa = PBXBuildFile; fileRef = 57C6294E2273894C00C6080F /* ShopRequestFactory.swift */; };
		57C6295122738A4400C6080F /* Shop.swift in Sources */ = {isa = PBXBuildFile; fileRef = 57C6295022738A4400C6080F /* Shop.swift */; };
		57C6295522738C2C00C6080F /* Product.swift in Sources */ = {isa = PBXBuildFile; fileRef = 57C6295422738C2C00C6080F /* Product.swift */; };
		57C629572273936600C6080F /* CatalogProduct.swift in Sources */ = {isa = PBXBuildFile; fileRef = 57C629562273936600C6080F /* CatalogProduct.swift */; };
		57DB49D4226F2FCA000FCA53 /* AbstractErrorParser.swift in Sources */ = {isa = PBXBuildFile; fileRef = 57DB49D3226F2FCA000FCA53 /* AbstractErrorParser.swift */; };
		57DB49D6226F2FF5000FCA53 /* ErrorParser.swift in Sources */ = {isa = PBXBuildFile; fileRef = 57DB49D5226F2FF5000FCA53 /* ErrorParser.swift */; };
		57DB49D8226F3065000FCA53 /* DataRequest.swift in Sources */ = {isa = PBXBuildFile; fileRef = 57DB49D7226F3065000FCA53 /* DataRequest.swift */; };
		57DB49DA226F310B000FCA53 /* RequestRouter.swift in Sources */ = {isa = PBXBuildFile; fileRef = 57DB49D9226F310B000FCA53 /* RequestRouter.swift */; };
		57DB49DC226F3163000FCA53 /* AbstractRequestFactory.swift in Sources */ = {isa = PBXBuildFile; fileRef = 57DB49DB226F3163000FCA53 /* AbstractRequestFactory.swift */; };
		57DB49DF226F378F000FCA53 /* AuthRequestFactory.swift in Sources */ = {isa = PBXBuildFile; fileRef = 57DB49DE226F378F000FCA53 /* AuthRequestFactory.swift */; };
		57DB49E1226F379B000FCA53 /* Auth.swift in Sources */ = {isa = PBXBuildFile; fileRef = 57DB49E0226F379B000FCA53 /* Auth.swift */; };
		57DB49E3226F37AD000FCA53 /* RequestFactory.swift in Sources */ = {isa = PBXBuildFile; fileRef = 57DB49E2226F37AD000FCA53 /* RequestFactory.swift */; };
		57DB49E5226F37E2000FCA53 /* LoginResponse.swift in Sources */ = {isa = PBXBuildFile; fileRef = 57DB49E4226F37E2000FCA53 /* LoginResponse.swift */; };
		57DB49E7226F37ED000FCA53 /* User.swift in Sources */ = {isa = PBXBuildFile; fileRef = 57DB49E6226F37ED000FCA53 /* User.swift */; };
		57DB49E9226F41C5000FCA53 /* RegisterResponse.swift in Sources */ = {isa = PBXBuildFile; fileRef = 57DB49E8226F41C5000FCA53 /* RegisterResponse.swift */; };
		57F688D023F524DD00ECF27D /* Pods_GeekShop.framework in Frameworks */ = {isa = PBXBuildFile; fileRef = 7BCFE3E41F872718AD898553 /* Pods_GeekShop.framework */; };
		57F688D123F524DD00ECF27D /* Pods_GeekShop.framework in Embed Frameworks */ = {isa = PBXBuildFile; fileRef = 7BCFE3E41F872718AD898553 /* Pods_GeekShop.framework */; settings = {ATTRIBUTES = (CodeSignOnCopy, RemoveHeadersOnCopy, ); }; };
		57F688D423F5283400ECF27D /* AlertDelegate.swift in Sources */ = {isa = PBXBuildFile; fileRef = 57F688D323F5283400ECF27D /* AlertDelegate.swift */; };
		F21008C9A6FDA44A37836DFE /* libPods-GeekShopUnitTests.a in Frameworks */ = {isa = PBXBuildFile; fileRef = 7A73A945C30A217B63470E9A /* libPods-GeekShopUnitTests.a */; };
/* End PBXBuildFile section */

/* Begin PBXContainerItemProxy section */
		57C629452273850100C6080F /* PBXContainerItemProxy */ = {
			isa = PBXContainerItemProxy;
			containerPortal = 57871F9D22675B090052E0A4 /* Project object */;
			proxyType = 1;
			remoteGlobalIDString = 57871FA422675B090052E0A4;
			remoteInfo = GeekShop;
		};
/* End PBXContainerItemProxy section */

/* Begin PBXCopyFilesBuildPhase section */
		57F688D223F524DD00ECF27D /* Embed Frameworks */ = {
			isa = PBXCopyFilesBuildPhase;
			buildActionMask = 2147483647;
			dstPath = "";
			dstSubfolderSpec = 10;
			files = (
				57F688D123F524DD00ECF27D /* Pods_GeekShop.framework in Embed Frameworks */,
			);
			name = "Embed Frameworks";
			runOnlyForDeploymentPostprocessing = 0;
		};
/* End PBXCopyFilesBuildPhase section */

/* Begin PBXFileReference section */
		384087D43BBB4467CEC2535E /* Pods-GeekShop.debug.xcconfig */ = {isa = PBXFileReference; includeInIndex = 1; lastKnownFileType = text.xcconfig; name = "Pods-GeekShop.debug.xcconfig"; path = "Target Support Files/Pods-GeekShop/Pods-GeekShop.debug.xcconfig"; sourceTree = "<group>"; };
		570B6790228ADF6C00CA814F /* Basket.swift */ = {isa = PBXFileReference; lastKnownFileType = sourcecode.swift; path = Basket.swift; sourceTree = "<group>"; };
		570B6792228ADF7800CA814F /* BasketRequestFactory.swift */ = {isa = PBXFileReference; lastKnownFileType = sourcecode.swift; path = BasketRequestFactory.swift; sourceTree = "<group>"; };
		570B6796228AE5E600CA814F /* GeekShopBasketTests.swift */ = {isa = PBXFileReference; lastKnownFileType = sourcecode.swift; path = GeekShopBasketTests.swift; sourceTree = "<group>"; };
		570B6798228AE69A00CA814F /* ResultResponse.swift */ = {isa = PBXFileReference; lastKnownFileType = sourcecode.swift; path = ResultResponse.swift; sourceTree = "<group>"; };
		570B679B228AE7A200CA814F /* GetBasketResponse.swift */ = {isa = PBXFileReference; lastKnownFileType = sourcecode.swift; path = GetBasketResponse.swift; sourceTree = "<group>"; };
		570B679D228AE7FD00CA814F /* BasketProduct.swift */ = {isa = PBXFileReference; lastKnownFileType = sourcecode.swift; path = BasketProduct.swift; sourceTree = "<group>"; };
		5724F67A22DB8BEB002360EE /* UITextViewPlaceholder.swift */ = {isa = PBXFileReference; lastKnownFileType = sourcecode.swift; path = UITextViewPlaceholder.swift; sourceTree = "<group>"; };
		576F036F22D9C704004015F9 /* RegisterViewController.swift */ = {isa = PBXFileReference; lastKnownFileType = sourcecode.swift; path = RegisterViewController.swift; sourceTree = "<group>"; };
		57871FA522675B090052E0A4 /* GeekShop.app */ = {isa = PBXFileReference; explicitFileType = wrapper.application; includeInIndex = 0; path = GeekShop.app; sourceTree = BUILT_PRODUCTS_DIR; };
		57871FA822675B090052E0A4 /* AppDelegate.swift */ = {isa = PBXFileReference; lastKnownFileType = sourcecode.swift; path = AppDelegate.swift; sourceTree = "<group>"; };
		57871FAF22675B0B0052E0A4 /* Assets.xcassets */ = {isa = PBXFileReference; lastKnownFileType = folder.assetcatalog; path = Assets.xcassets; sourceTree = "<group>"; };
		57871FB222675B0B0052E0A4 /* Base */ = {isa = PBXFileReference; lastKnownFileType = file.storyboard; name = Base; path = Base.lproj/LaunchScreen.storyboard; sourceTree = "<group>"; };
		57871FB422675B0B0052E0A4 /* Info.plist */ = {isa = PBXFileReference; lastKnownFileType = text.plist.xml; path = Info.plist; sourceTree = "<group>"; };
		578C337D23F4276700897182 /* CreditCardField.swift */ = {isa = PBXFileReference; lastKnownFileType = sourcecode.swift; path = CreditCardField.swift; sourceTree = "<group>"; };
		578C337F23F42E6F00897182 /* RegisterView.swift */ = {isa = PBXFileReference; lastKnownFileType = sourcecode.swift; path = RegisterView.swift; sourceTree = "<group>"; };
		578C338323F44F0900897182 /* ScrollableKeyboard.swift */ = {isa = PBXFileReference; lastKnownFileType = sourcecode.swift; path = ScrollableKeyboard.swift; sourceTree = "<group>"; };
		578C338923F4545C00897182 /* GenderPicker.swift */ = {isa = PBXFileReference; lastKnownFileType = sourcecode.swift; path = GenderPicker.swift; sourceTree = "<group>"; };
		578C338B23F4561000897182 /* TapGestureToHideKeyboard.swift */ = {isa = PBXFileReference; lastKnownFileType = sourcecode.swift; path = TapGestureToHideKeyboard.swift; sourceTree = "<group>"; };
		578C338E23F462F000897182 /* LoginViewController.swift */ = {isa = PBXFileReference; lastKnownFileType = sourcecode.swift; path = LoginViewController.swift; sourceTree = "<group>"; };
		578C339023F4634600897182 /* LoginView.swift */ = {isa = PBXFileReference; lastKnownFileType = sourcecode.swift; path = LoginView.swift; sourceTree = "<group>"; };
		578C339323F4659000897182 /* AuthorizationViewController.swift */ = {isa = PBXFileReference; lastKnownFileType = sourcecode.swift; path = AuthorizationViewController.swift; sourceTree = "<group>"; };
		578C339623F4663D00897182 /* AuthorizationView.swift */ = {isa = PBXFileReference; lastKnownFileType = sourcecode.swift; path = AuthorizationView.swift; sourceTree = "<group>"; };
		578C339A23F4680F00897182 /* BaseRouter.swift */ = {isa = PBXFileReference; lastKnownFileType = sourcecode.swift; path = BaseRouter.swift; sourceTree = "<group>"; };
		578C339C23F4682900897182 /* AuthorizationRouter.swift */ = {isa = PBXFileReference; lastKnownFileType = sourcecode.swift; path = AuthorizationRouter.swift; sourceTree = "<group>"; };
		578C339E23F4683900897182 /* AppStartManager.swift */ = {isa = PBXFileReference; lastKnownFileType = sourcecode.swift; path = AppStartManager.swift; sourceTree = "<group>"; };
		578C33A023F46DDA00897182 /* Alamofire.framework */ = {isa = PBXFileReference; explicitFileType = wrapper.framework; path = Alamofire.framework; sourceTree = BUILT_PRODUCTS_DIR; };
		57C629402273850100C6080F /* GeekShopUnitTests.xctest */ = {isa = PBXFileReference; explicitFileType = wrapper.cfbundle; includeInIndex = 0; path = GeekShopUnitTests.xctest; sourceTree = BUILT_PRODUCTS_DIR; };
		57C629442273850100C6080F /* Info.plist */ = {isa = PBXFileReference; lastKnownFileType = text.plist.xml; path = Info.plist; sourceTree = "<group>"; };
		57C6294A2273853200C6080F /* GeekShopAuthTests.swift */ = {isa = PBXFileReference; lastKnownFileType = sourcecode.swift; path = GeekShopAuthTests.swift; sourceTree = "<group>"; };
		57C6294C2273890800C6080F /* GeekShopCatalogTests.swift */ = {isa = PBXFileReference; lastKnownFileType = sourcecode.swift; path = GeekShopCatalogTests.swift; sourceTree = "<group>"; };
		57C6294E2273894C00C6080F /* ShopRequestFactory.swift */ = {isa = PBXFileReference; lastKnownFileType = sourcecode.swift; path = ShopRequestFactory.swift; sourceTree = "<group>"; };
		57C6295022738A4400C6080F /* Shop.swift */ = {isa = PBXFileReference; lastKnownFileType = sourcecode.swift; path = Shop.swift; sourceTree = "<group>"; };
		57C6295422738C2C00C6080F /* Product.swift */ = {isa = PBXFileReference; lastKnownFileType = sourcecode.swift; path = Product.swift; sourceTree = "<group>"; };
		57C629562273936600C6080F /* CatalogProduct.swift */ = {isa = PBXFileReference; lastKnownFileType = sourcecode.swift; path = CatalogProduct.swift; sourceTree = "<group>"; };
		57DB49D3226F2FCA000FCA53 /* AbstractErrorParser.swift */ = {isa = PBXFileReference; lastKnownFileType = sourcecode.swift; path = AbstractErrorParser.swift; sourceTree = "<group>"; };
		57DB49D5226F2FF5000FCA53 /* ErrorParser.swift */ = {isa = PBXFileReference; lastKnownFileType = sourcecode.swift; path = ErrorParser.swift; sourceTree = "<group>"; };
		57DB49D7226F3065000FCA53 /* DataRequest.swift */ = {isa = PBXFileReference; lastKnownFileType = sourcecode.swift; path = DataRequest.swift; sourceTree = "<group>"; };
		57DB49D9226F310B000FCA53 /* RequestRouter.swift */ = {isa = PBXFileReference; lastKnownFileType = sourcecode.swift; path = RequestRouter.swift; sourceTree = "<group>"; };
		57DB49DB226F3163000FCA53 /* AbstractRequestFactory.swift */ = {isa = PBXFileReference; lastKnownFileType = sourcecode.swift; path = AbstractRequestFactory.swift; sourceTree = "<group>"; };
		57DB49DE226F378F000FCA53 /* AuthRequestFactory.swift */ = {isa = PBXFileReference; lastKnownFileType = sourcecode.swift; path = AuthRequestFactory.swift; sourceTree = "<group>"; };
		57DB49E0226F379B000FCA53 /* Auth.swift */ = {isa = PBXFileReference; lastKnownFileType = sourcecode.swift; path = Auth.swift; sourceTree = "<group>"; };
		57DB49E2226F37AD000FCA53 /* RequestFactory.swift */ = {isa = PBXFileReference; lastKnownFileType = sourcecode.swift; path = RequestFactory.swift; sourceTree = "<group>"; };
		57DB49E4226F37E2000FCA53 /* LoginResponse.swift */ = {isa = PBXFileReference; lastKnownFileType = sourcecode.swift; path = LoginResponse.swift; sourceTree = "<group>"; };
		57DB49E6226F37ED000FCA53 /* User.swift */ = {isa = PBXFileReference; lastKnownFileType = sourcecode.swift; path = User.swift; sourceTree = "<group>"; };
		57DB49E8226F41C5000FCA53 /* RegisterResponse.swift */ = {isa = PBXFileReference; lastKnownFileType = sourcecode.swift; path = RegisterResponse.swift; sourceTree = "<group>"; };
		57F688C923F524C300ECF27D /* Alamofire.framework */ = {isa = PBXFileReference; explicitFileType = wrapper.framework; path = Alamofire.framework; sourceTree = BUILT_PRODUCTS_DIR; };
		57F688CD23F524C700ECF27D /* RxSwift.framework */ = {isa = PBXFileReference; explicitFileType = wrapper.framework; path = RxSwift.framework; sourceTree = BUILT_PRODUCTS_DIR; };
		57F688D323F5283400ECF27D /* AlertDelegate.swift */ = {isa = PBXFileReference; lastKnownFileType = sourcecode.swift; path = AlertDelegate.swift; sourceTree = "<group>"; };
		62C3873B4EAD58530316CBC6 /* Pods-GeekShopUnitTests.debug.xcconfig */ = {isa = PBXFileReference; includeInIndex = 1; lastKnownFileType = text.xcconfig; name = "Pods-GeekShopUnitTests.debug.xcconfig"; path = "Target Support Files/Pods-GeekShopUnitTests/Pods-GeekShopUnitTests.debug.xcconfig"; sourceTree = "<group>"; };
		73998769596CA2419D7EEE6B /* Pods-GeekShopUnitTests.release.xcconfig */ = {isa = PBXFileReference; includeInIndex = 1; lastKnownFileType = text.xcconfig; name = "Pods-GeekShopUnitTests.release.xcconfig"; path = "Target Support Files/Pods-GeekShopUnitTests/Pods-GeekShopUnitTests.release.xcconfig"; sourceTree = "<group>"; };
		7A73A945C30A217B63470E9A /* libPods-GeekShopUnitTests.a */ = {isa = PBXFileReference; explicitFileType = archive.ar; includeInIndex = 0; path = "libPods-GeekShopUnitTests.a"; sourceTree = BUILT_PRODUCTS_DIR; };
		7BCFE3E41F872718AD898553 /* Pods_GeekShop.framework */ = {isa = PBXFileReference; explicitFileType = wrapper.framework; includeInIndex = 0; path = Pods_GeekShop.framework; sourceTree = BUILT_PRODUCTS_DIR; };
		A113277601C2C392B02714BF /* Pods-GeekShop.release.xcconfig */ = {isa = PBXFileReference; includeInIndex = 1; lastKnownFileType = text.xcconfig; name = "Pods-GeekShop.release.xcconfig"; path = "Target Support Files/Pods-GeekShop/Pods-GeekShop.release.xcconfig"; sourceTree = "<group>"; };
/* End PBXFileReference section */

/* Begin PBXFrameworksBuildPhase section */
		57871FA222675B090052E0A4 /* Frameworks */ = {
			isa = PBXFrameworksBuildPhase;
			buildActionMask = 2147483647;
			files = (
				57F688D023F524DD00ECF27D /* Pods_GeekShop.framework in Frameworks */,
			);
			runOnlyForDeploymentPostprocessing = 0;
		};
		57C6293D2273850100C6080F /* Frameworks */ = {
			isa = PBXFrameworksBuildPhase;
			buildActionMask = 2147483647;
			files = (
				F21008C9A6FDA44A37836DFE /* libPods-GeekShopUnitTests.a in Frameworks */,
			);
			runOnlyForDeploymentPostprocessing = 0;
		};
/* End PBXFrameworksBuildPhase section */

/* Begin PBXGroup section */
		570B679A228AE75E00CA814F /* Responses */ = {
			isa = PBXGroup;
			children = (
				570B6798228AE69A00CA814F /* ResultResponse.swift */,
				57DB49E4226F37E2000FCA53 /* LoginResponse.swift */,
				57DB49E8226F41C5000FCA53 /* RegisterResponse.swift */,
				570B679B228AE7A200CA814F /* GetBasketResponse.swift */,
			);
			path = Responses;
			sourceTree = "<group>";
		};
		57871F9C22675B090052E0A4 = {
			isa = PBXGroup;
			children = (
				57871FA722675B090052E0A4 /* GeekShop */,
				57C629412273850100C6080F /* GeekShopUnitTests */,
				57871FA622675B090052E0A4 /* Products */,
				AAE1AEB4C45A0453DBB0173C /* Pods */,
				72AC838FAD3526BDFCEF0290 /* Frameworks */,
			);
			sourceTree = "<group>";
		};
		57871FA622675B090052E0A4 /* Products */ = {
			isa = PBXGroup;
			children = (
				57871FA522675B090052E0A4 /* GeekShop.app */,
				57C629402273850100C6080F /* GeekShopUnitTests.xctest */,
			);
			name = Products;
			sourceTree = "<group>";
		};
		57871FA722675B090052E0A4 /* GeekShop */ = {
			isa = PBXGroup;
			children = (
				57871FBA22675E800052E0A4 /* App */,
				57871FBF22675EA40052E0A4 /* Core */,
				57871FC022675EAB0052E0A4 /* Resources */,
				57871FC122675EB20052E0A4 /* Environments */,
			);
			path = GeekShop;
			sourceTree = "<group>";
		};
		57871FBA22675E800052E0A4 /* App */ = {
			isa = PBXGroup;
			children = (
				57F688D523F5298600ECF27D /* AppDelegate */,
				57871FBE22675E960052E0A4 /* BusinessLogic */,
				57871FBD22675E910052E0A4 /* Entity */,
				57871FBB22675E860052E0A4 /* Flows */,
			);
			path = App;
			sourceTree = "<group>";
		};
		57871FBB22675E860052E0A4 /* Flows */ = {
			isa = PBXGroup;
			children = (
				578C339223F4658300897182 /* Authorization */,
				578C338D23F462E400897182 /* Login */,
				578C338623F4543400897182 /* Register */,
				578C338523F4542700897182 /* CustomViews */,
			);
			path = Flows;
			sourceTree = "<group>";
		};
		57871FBD22675E910052E0A4 /* Entity */ = {
			isa = PBXGroup;
			children = (
				570B679A228AE75E00CA814F /* Responses */,
				57DB49E6226F37ED000FCA53 /* User.swift */,
				57C6295422738C2C00C6080F /* Product.swift */,
				57C629562273936600C6080F /* CatalogProduct.swift */,
				570B679D228AE7FD00CA814F /* BasketProduct.swift */,
			);
			path = Entity;
			sourceTree = "<group>";
		};
		57871FBE22675E960052E0A4 /* BusinessLogic */ = {
			isa = PBXGroup;
			children = (
				578C339523F465CB00897182 /* Routers */,
				57DB49DD226F3495000FCA53 /* Network */,
			);
			path = BusinessLogic;
			sourceTree = "<group>";
		};
		57871FBF22675EA40052E0A4 /* Core */ = {
			isa = PBXGroup;
			children = (
				578C339923F4680300897182 /* Router */,
				578C339823F467FD00897182 /* UI */,
				57DB49D2226F2F9E000FCA53 /* Network */,
			);
			path = Core;
			sourceTree = "<group>";
		};
		57871FC022675EAB0052E0A4 /* Resources */ = {
			isa = PBXGroup;
			children = (
				57871FAF22675B0B0052E0A4 /* Assets.xcassets */,
				57871FB122675B0B0052E0A4 /* LaunchScreen.storyboard */,
			);
			path = Resources;
			sourceTree = "<group>";
		};
		57871FC122675EB20052E0A4 /* Environments */ = {
			isa = PBXGroup;
			children = (
				57871FB422675B0B0052E0A4 /* Info.plist */,
			);
			path = Environments;
			sourceTree = "<group>";
		};
		578C338523F4542700897182 /* CustomViews */ = {
			isa = PBXGroup;
			children = (
				578C337D23F4276700897182 /* CreditCardField.swift */,
				578C338923F4545C00897182 /* GenderPicker.swift */,
			);
			path = CustomViews;
			sourceTree = "<group>";
		};
		578C338623F4543400897182 /* Register */ = {
			isa = PBXGroup;
			children = (
				578C338723F4543D00897182 /* Controller */,
				578C338823F4544400897182 /* View */,
			);
			path = Register;
			sourceTree = "<group>";
		};
		578C338723F4543D00897182 /* Controller */ = {
			isa = PBXGroup;
			children = (
				576F036F22D9C704004015F9 /* RegisterViewController.swift */,
			);
			path = Controller;
			sourceTree = "<group>";
		};
		578C338823F4544400897182 /* View */ = {
			isa = PBXGroup;
			children = (
				578C337F23F42E6F00897182 /* RegisterView.swift */,
			);
			path = View;
			sourceTree = "<group>";
		};
		578C338D23F462E400897182 /* Login */ = {
			isa = PBXGroup;
			children = (
				578C338E23F462F000897182 /* LoginViewController.swift */,
				578C339023F4634600897182 /* LoginView.swift */,
			);
			path = Login;
			sourceTree = "<group>";
		};
		578C339223F4658300897182 /* Authorization */ = {
			isa = PBXGroup;
			children = (
				578C339323F4659000897182 /* AuthorizationViewController.swift */,
				578C339623F4663D00897182 /* AuthorizationView.swift */,
			);
			path = Authorization;
			sourceTree = "<group>";
		};
		578C339523F465CB00897182 /* Routers */ = {
			isa = PBXGroup;
			children = (
				578C339C23F4682900897182 /* AuthorizationRouter.swift */,
			);
			path = Routers;
			sourceTree = "<group>";
		};
		578C339823F467FD00897182 /* UI */ = {
			isa = PBXGroup;
			children = (
				5724F67A22DB8BEB002360EE /* UITextViewPlaceholder.swift */,
				578C338323F44F0900897182 /* ScrollableKeyboard.swift */,
				578C338B23F4561000897182 /* TapGestureToHideKeyboard.swift */,
				57F688D323F5283400ECF27D /* AlertDelegate.swift */,
			);
			path = UI;
			sourceTree = "<group>";
		};
		578C339923F4680300897182 /* Router */ = {
			isa = PBXGroup;
			children = (
				578C339A23F4680F00897182 /* BaseRouter.swift */,
			);
			path = Router;
			sourceTree = "<group>";
		};
		57C629412273850100C6080F /* GeekShopUnitTests */ = {
			isa = PBXGroup;
			children = (
				57C6294A2273853200C6080F /* GeekShopAuthTests.swift */,
				57C6294C2273890800C6080F /* GeekShopCatalogTests.swift */,
				570B6796228AE5E600CA814F /* GeekShopBasketTests.swift */,
				57C629442273850100C6080F /* Info.plist */,
			);
			path = GeekShopUnitTests;
			sourceTree = "<group>";
		};
		57DB49D2226F2F9E000FCA53 /* Network */ = {
			isa = PBXGroup;
			children = (
				57DB49D3226F2FCA000FCA53 /* AbstractErrorParser.swift */,
				57DB49D5226F2FF5000FCA53 /* ErrorParser.swift */,
				57DB49D7226F3065000FCA53 /* DataRequest.swift */,
				57DB49DB226F3163000FCA53 /* AbstractRequestFactory.swift */,
				57DB49D9226F310B000FCA53 /* RequestRouter.swift */,
			);
			path = Network;
			sourceTree = "<group>";
		};
		57DB49DD226F3495000FCA53 /* Network */ = {
			isa = PBXGroup;
			children = (
				57DB49E2226F37AD000FCA53 /* RequestFactory.swift */,
				57DB49DE226F378F000FCA53 /* AuthRequestFactory.swift */,
				57DB49E0226F379B000FCA53 /* Auth.swift */,
				57C6294E2273894C00C6080F /* ShopRequestFactory.swift */,
				57C6295022738A4400C6080F /* Shop.swift */,
				570B6792228ADF7800CA814F /* BasketRequestFactory.swift */,
				570B6790228ADF6C00CA814F /* Basket.swift */,
			);
			path = Network;
			sourceTree = "<group>";
		};
		57F688D523F5298600ECF27D /* AppDelegate */ = {
			isa = PBXGroup;
			children = (
				57871FA822675B090052E0A4 /* AppDelegate.swift */,
				578C339E23F4683900897182 /* AppStartManager.swift */,
			);
			path = AppDelegate;
			sourceTree = "<group>";
		};
		72AC838FAD3526BDFCEF0290 /* Frameworks */ = {
			isa = PBXGroup;
			children = (
				57F688CD23F524C700ECF27D /* RxSwift.framework */,
				57F688C923F524C300ECF27D /* Alamofire.framework */,
				578C33A023F46DDA00897182 /* Alamofire.framework */,
				7BCFE3E41F872718AD898553 /* Pods_GeekShop.framework */,
				7A73A945C30A217B63470E9A /* libPods-GeekShopUnitTests.a */,
			);
			name = Frameworks;
			sourceTree = "<group>";
		};
		AAE1AEB4C45A0453DBB0173C /* Pods */ = {
			isa = PBXGroup;
			children = (
				384087D43BBB4467CEC2535E /* Pods-GeekShop.debug.xcconfig */,
				A113277601C2C392B02714BF /* Pods-GeekShop.release.xcconfig */,
				62C3873B4EAD58530316CBC6 /* Pods-GeekShopUnitTests.debug.xcconfig */,
				73998769596CA2419D7EEE6B /* Pods-GeekShopUnitTests.release.xcconfig */,
			);
			path = Pods;
			sourceTree = "<group>";
		};
/* End PBXGroup section */

/* Begin PBXNativeTarget section */
		57871FA422675B090052E0A4 /* GeekShop */ = {
			isa = PBXNativeTarget;
			buildConfigurationList = 57871FB722675B0B0052E0A4 /* Build configuration list for PBXNativeTarget "GeekShop" */;
			buildPhases = (
				78DC2E5A730478BD3D4184DE /* [CP] Check Pods Manifest.lock */,
				57871FA122675B090052E0A4 /* Sources */,
				57871FA222675B090052E0A4 /* Frameworks */,
				57871FA322675B090052E0A4 /* Resources */,
				256D6FFD7C195BE9E0838F2C /* [CP] Embed Pods Frameworks */,
				57F688D223F524DD00ECF27D /* Embed Frameworks */,
			);
			buildRules = (
			);
			dependencies = (
			);
			name = GeekShop;
			productName = "GU-Shop";
			productReference = 57871FA522675B090052E0A4 /* GeekShop.app */;
			productType = "com.apple.product-type.application";
		};
		57C6293F2273850100C6080F /* GeekShopUnitTests */ = {
			isa = PBXNativeTarget;
			buildConfigurationList = 57C629472273850100C6080F /* Build configuration list for PBXNativeTarget "GeekShopUnitTests" */;
			buildPhases = (
				B2A9EC0E6169AFDD9E32BB7A /* [CP] Check Pods Manifest.lock */,
				57C6293C2273850100C6080F /* Sources */,
				57C6293D2273850100C6080F /* Frameworks */,
				57C6293E2273850100C6080F /* Resources */,
			);
			buildRules = (
			);
			dependencies = (
				57C629462273850100C6080F /* PBXTargetDependency */,
			);
			name = GeekShopUnitTests;
			productName = GeekShopUnitTests;
			productReference = 57C629402273850100C6080F /* GeekShopUnitTests.xctest */;
			productType = "com.apple.product-type.bundle.unit-test";
		};
/* End PBXNativeTarget section */

/* Begin PBXProject section */
		57871F9D22675B090052E0A4 /* Project object */ = {
			isa = PBXProject;
			attributes = {
				LastSwiftUpdateCheck = 1020;
				LastUpgradeCheck = 1020;
				ORGANIZATIONNAME = "Artem Kufaev";
				TargetAttributes = {
					57871FA422675B090052E0A4 = {
						CreatedOnToolsVersion = 10.2;
					};
					57C6293F2273850100C6080F = {
						CreatedOnToolsVersion = 10.2.1;
						TestTargetID = 57871FA422675B090052E0A4;
					};
				};
			};
			buildConfigurationList = 57871FA022675B090052E0A4 /* Build configuration list for PBXProject "GeekShop" */;
			compatibilityVersion = "Xcode 9.3";
			developmentRegion = en;
			hasScannedForEncodings = 0;
			knownRegions = (
				en,
				Base,
			);
			mainGroup = 57871F9C22675B090052E0A4;
			productRefGroup = 57871FA622675B090052E0A4 /* Products */;
			projectDirPath = "";
			projectRoot = "";
			targets = (
				57871FA422675B090052E0A4 /* GeekShop */,
				57C6293F2273850100C6080F /* GeekShopUnitTests */,
			);
		};
/* End PBXProject section */

/* Begin PBXResourcesBuildPhase section */
		57871FA322675B090052E0A4 /* Resources */ = {
			isa = PBXResourcesBuildPhase;
			buildActionMask = 2147483647;
			files = (
				57871FB322675B0B0052E0A4 /* LaunchScreen.storyboard in Resources */,
				57871FB022675B0B0052E0A4 /* Assets.xcassets in Resources */,
			);
			runOnlyForDeploymentPostprocessing = 0;
		};
		57C6293E2273850100C6080F /* Resources */ = {
			isa = PBXResourcesBuildPhase;
			buildActionMask = 2147483647;
			files = (
			);
			runOnlyForDeploymentPostprocessing = 0;
		};
/* End PBXResourcesBuildPhase section */

/* Begin PBXShellScriptBuildPhase section */
		256D6FFD7C195BE9E0838F2C /* [CP] Embed Pods Frameworks */ = {
			isa = PBXShellScriptBuildPhase;
			buildActionMask = 2147483647;
			files = (
			);
			inputFileListPaths = (
				"${PODS_ROOT}/Target Support Files/Pods-GeekShop/Pods-GeekShop-frameworks-${CONFIGURATION}-input-files.xcfilelist",
			);
			name = "[CP] Embed Pods Frameworks";
			outputFileListPaths = (
				"${PODS_ROOT}/Target Support Files/Pods-GeekShop/Pods-GeekShop-frameworks-${CONFIGURATION}-output-files.xcfilelist",
			);
			runOnlyForDeploymentPostprocessing = 0;
			shellPath = /bin/sh;
			shellScript = "\"${PODS_ROOT}/Target Support Files/Pods-GeekShop/Pods-GeekShop-frameworks.sh\"\n";
			showEnvVarsInLog = 0;
		};
		78DC2E5A730478BD3D4184DE /* [CP] Check Pods Manifest.lock */ = {
			isa = PBXShellScriptBuildPhase;
			buildActionMask = 2147483647;
			files = (
			);
			inputFileListPaths = (
			);
			inputPaths = (
				"${PODS_PODFILE_DIR_PATH}/Podfile.lock",
				"${PODS_ROOT}/Manifest.lock",
			);
			name = "[CP] Check Pods Manifest.lock";
			outputFileListPaths = (
			);
			outputPaths = (
				"$(DERIVED_FILE_DIR)/Pods-GeekShop-checkManifestLockResult.txt",
			);
			runOnlyForDeploymentPostprocessing = 0;
			shellPath = /bin/sh;
			shellScript = "diff \"${PODS_PODFILE_DIR_PATH}/Podfile.lock\" \"${PODS_ROOT}/Manifest.lock\" > /dev/null\nif [ $? != 0 ] ; then\n    # print error to STDERR\n    echo \"error: The sandbox is not in sync with the Podfile.lock. Run 'pod install' or update your CocoaPods installation.\" >&2\n    exit 1\nfi\n# This output is used by Xcode 'outputs' to avoid re-running this script phase.\necho \"SUCCESS\" > \"${SCRIPT_OUTPUT_FILE_0}\"\n";
			showEnvVarsInLog = 0;
		};
		B2A9EC0E6169AFDD9E32BB7A /* [CP] Check Pods Manifest.lock */ = {
			isa = PBXShellScriptBuildPhase;
			buildActionMask = 2147483647;
			files = (
			);
			inputFileListPaths = (
			);
			inputPaths = (
				"${PODS_PODFILE_DIR_PATH}/Podfile.lock",
				"${PODS_ROOT}/Manifest.lock",
			);
			name = "[CP] Check Pods Manifest.lock";
			outputFileListPaths = (
			);
			outputPaths = (
				"$(DERIVED_FILE_DIR)/Pods-GeekShopUnitTests-checkManifestLockResult.txt",
			);
			runOnlyForDeploymentPostprocessing = 0;
			shellPath = /bin/sh;
			shellScript = "diff \"${PODS_PODFILE_DIR_PATH}/Podfile.lock\" \"${PODS_ROOT}/Manifest.lock\" > /dev/null\nif [ $? != 0 ] ; then\n    # print error to STDERR\n    echo \"error: The sandbox is not in sync with the Podfile.lock. Run 'pod install' or update your CocoaPods installation.\" >&2\n    exit 1\nfi\n# This output is used by Xcode 'outputs' to avoid re-running this script phase.\necho \"SUCCESS\" > \"${SCRIPT_OUTPUT_FILE_0}\"\n";
			showEnvVarsInLog = 0;
		};
/* End PBXShellScriptBuildPhase section */

/* Begin PBXSourcesBuildPhase section */
		57871FA122675B090052E0A4 /* Sources */ = {
			isa = PBXSourcesBuildPhase;
			buildActionMask = 2147483647;
			files = (
				570B679E228AE7FD00CA814F /* BasketProduct.swift in Sources */,
				57F688D423F5283400ECF27D /* AlertDelegate.swift in Sources */,
				57DB49E3226F37AD000FCA53 /* RequestFactory.swift in Sources */,
				578C339423F4659000897182 /* AuthorizationViewController.swift in Sources */,
				57871FA922675B090052E0A4 /* AppDelegate.swift in Sources */,
				57C629572273936600C6080F /* CatalogProduct.swift in Sources */,
				570B6793228ADF7800CA814F /* BasketRequestFactory.swift in Sources */,
				578C338F23F462F000897182 /* LoginViewController.swift in Sources */,
				578C339F23F4683900897182 /* AppStartManager.swift in Sources */,
				578C339B23F4680F00897182 /* BaseRouter.swift in Sources */,
				57C6295122738A4400C6080F /* Shop.swift in Sources */,
				570B6791228ADF6C00CA814F /* Basket.swift in Sources */,
				57DB49E5226F37E2000FCA53 /* LoginResponse.swift in Sources */,
				578C338023F42E6F00897182 /* RegisterView.swift in Sources */,
				570B6799228AE69A00CA814F /* ResultResponse.swift in Sources */,
				57DB49DA226F310B000FCA53 /* RequestRouter.swift in Sources */,
				57DB49D6226F2FF5000FCA53 /* ErrorParser.swift in Sources */,
				57DB49E9226F41C5000FCA53 /* RegisterResponse.swift in Sources */,
				57DB49DF226F378F000FCA53 /* AuthRequestFactory.swift in Sources */,
				576F037022D9C704004015F9 /* RegisterViewController.swift in Sources */,
				578C338423F44F0900897182 /* ScrollableKeyboard.swift in Sources */,
				5724F67B22DB8BEB002360EE /* UITextViewPlaceholder.swift in Sources */,
				578C339123F4634600897182 /* LoginView.swift in Sources */,
				57DB49D4226F2FCA000FCA53 /* AbstractErrorParser.swift in Sources */,
				57C6295522738C2C00C6080F /* Product.swift in Sources */,
				578C337E23F4276700897182 /* CreditCardField.swift in Sources */,
				57DB49DC226F3163000FCA53 /* AbstractRequestFactory.swift in Sources */,
				57DB49D8226F3065000FCA53 /* DataRequest.swift in Sources */,
				578C339D23F4682900897182 /* AuthorizationRouter.swift in Sources */,
				57DB49E1226F379B000FCA53 /* Auth.swift in Sources */,
				578C338C23F4561000897182 /* TapGestureToHideKeyboard.swift in Sources */,
				57DB49E7226F37ED000FCA53 /* User.swift in Sources */,
				578C338A23F4545C00897182 /* GenderPicker.swift in Sources */,
				57C6294F2273894C00C6080F /* ShopRequestFactory.swift in Sources */,
				578C339723F4663D00897182 /* AuthorizationView.swift in Sources */,
				570B679C228AE7A200CA814F /* GetBasketResponse.swift in Sources */,
			);
			runOnlyForDeploymentPostprocessing = 0;
		};
		57C6293C2273850100C6080F /* Sources */ = {
			isa = PBXSourcesBuildPhase;
			buildActionMask = 2147483647;
			files = (
				57C6294B2273853200C6080F /* GeekShopAuthTests.swift in Sources */,
				570B6797228AE5E600CA814F /* GeekShopBasketTests.swift in Sources */,
				57C6294D2273890800C6080F /* GeekShopCatalogTests.swift in Sources */,
			);
			runOnlyForDeploymentPostprocessing = 0;
		};
/* End PBXSourcesBuildPhase section */

/* Begin PBXTargetDependency section */
		57C629462273850100C6080F /* PBXTargetDependency */ = {
			isa = PBXTargetDependency;
			target = 57871FA422675B090052E0A4 /* GeekShop */;
			targetProxy = 57C629452273850100C6080F /* PBXContainerItemProxy */;
		};
/* End PBXTargetDependency section */

/* Begin PBXVariantGroup section */
		57871FB122675B0B0052E0A4 /* LaunchScreen.storyboard */ = {
			isa = PBXVariantGroup;
			children = (
				57871FB222675B0B0052E0A4 /* Base */,
			);
			name = LaunchScreen.storyboard;
			sourceTree = "<group>";
		};
/* End PBXVariantGroup section */

/* Begin XCBuildConfiguration section */
		57871FB522675B0B0052E0A4 /* Debug */ = {
			isa = XCBuildConfiguration;
			buildSettings = {
				ALWAYS_SEARCH_USER_PATHS = NO;
				CLANG_ANALYZER_NONNULL = YES;
				CLANG_ANALYZER_NUMBER_OBJECT_CONVERSION = YES_AGGRESSIVE;
				CLANG_CXX_LANGUAGE_STANDARD = "gnu++14";
				CLANG_CXX_LIBRARY = "libc++";
				CLANG_ENABLE_MODULES = YES;
				CLANG_ENABLE_OBJC_ARC = YES;
				CLANG_ENABLE_OBJC_WEAK = YES;
				CLANG_WARN_BLOCK_CAPTURE_AUTORELEASING = YES;
				CLANG_WARN_BOOL_CONVERSION = YES;
				CLANG_WARN_COMMA = YES;
				CLANG_WARN_CONSTANT_CONVERSION = YES;
				CLANG_WARN_DEPRECATED_OBJC_IMPLEMENTATIONS = YES;
				CLANG_WARN_DIRECT_OBJC_ISA_USAGE = YES_ERROR;
				CLANG_WARN_DOCUMENTATION_COMMENTS = YES;
				CLANG_WARN_EMPTY_BODY = YES;
				CLANG_WARN_ENUM_CONVERSION = YES;
				CLANG_WARN_INFINITE_RECURSION = YES;
				CLANG_WARN_INT_CONVERSION = YES;
				CLANG_WARN_NON_LITERAL_NULL_CONVERSION = YES;
				CLANG_WARN_OBJC_IMPLICIT_RETAIN_SELF = YES;
				CLANG_WARN_OBJC_LITERAL_CONVERSION = YES;
				CLANG_WARN_OBJC_ROOT_CLASS = YES_ERROR;
				CLANG_WARN_RANGE_LOOP_ANALYSIS = YES;
				CLANG_WARN_STRICT_PROTOTYPES = YES;
				CLANG_WARN_SUSPICIOUS_MOVE = YES;
				CLANG_WARN_UNGUARDED_AVAILABILITY = YES_AGGRESSIVE;
				CLANG_WARN_UNREACHABLE_CODE = YES;
				CLANG_WARN__DUPLICATE_METHOD_MATCH = YES;
				CODE_SIGN_IDENTITY = "iPhone Developer";
				COPY_PHASE_STRIP = NO;
				DEBUG_INFORMATION_FORMAT = dwarf;
				ENABLE_STRICT_OBJC_MSGSEND = YES;
				ENABLE_TESTABILITY = YES;
				GCC_C_LANGUAGE_STANDARD = gnu11;
				GCC_DYNAMIC_NO_PIC = NO;
				GCC_NO_COMMON_BLOCKS = YES;
				GCC_OPTIMIZATION_LEVEL = 0;
				GCC_PREPROCESSOR_DEFINITIONS = (
					"DEBUG=1",
					"$(inherited)",
				);
				GCC_WARN_64_TO_32_BIT_CONVERSION = YES;
				GCC_WARN_ABOUT_RETURN_TYPE = YES_ERROR;
				GCC_WARN_UNDECLARED_SELECTOR = YES;
				GCC_WARN_UNINITIALIZED_AUTOS = YES_AGGRESSIVE;
				GCC_WARN_UNUSED_FUNCTION = YES;
				GCC_WARN_UNUSED_VARIABLE = YES;
				IPHONEOS_DEPLOYMENT_TARGET = 12.2;
				MTL_ENABLE_DEBUG_INFO = INCLUDE_SOURCE;
				MTL_FAST_MATH = YES;
				ONLY_ACTIVE_ARCH = YES;
				SDKROOT = iphoneos;
				SWIFT_ACTIVE_COMPILATION_CONDITIONS = DEBUG;
				SWIFT_OPTIMIZATION_LEVEL = "-Onone";
			};
			name = Debug;
		};
		57871FB622675B0B0052E0A4 /* Release */ = {
			isa = XCBuildConfiguration;
			buildSettings = {
				ALWAYS_SEARCH_USER_PATHS = NO;
				CLANG_ANALYZER_NONNULL = YES;
				CLANG_ANALYZER_NUMBER_OBJECT_CONVERSION = YES_AGGRESSIVE;
				CLANG_CXX_LANGUAGE_STANDARD = "gnu++14";
				CLANG_CXX_LIBRARY = "libc++";
				CLANG_ENABLE_MODULES = YES;
				CLANG_ENABLE_OBJC_ARC = YES;
				CLANG_ENABLE_OBJC_WEAK = YES;
				CLANG_WARN_BLOCK_CAPTURE_AUTORELEASING = YES;
				CLANG_WARN_BOOL_CONVERSION = YES;
				CLANG_WARN_COMMA = YES;
				CLANG_WARN_CONSTANT_CONVERSION = YES;
				CLANG_WARN_DEPRECATED_OBJC_IMPLEMENTATIONS = YES;
				CLANG_WARN_DIRECT_OBJC_ISA_USAGE = YES_ERROR;
				CLANG_WARN_DOCUMENTATION_COMMENTS = YES;
				CLANG_WARN_EMPTY_BODY = YES;
				CLANG_WARN_ENUM_CONVERSION = YES;
				CLANG_WARN_INFINITE_RECURSION = YES;
				CLANG_WARN_INT_CONVERSION = YES;
				CLANG_WARN_NON_LITERAL_NULL_CONVERSION = YES;
				CLANG_WARN_OBJC_IMPLICIT_RETAIN_SELF = YES;
				CLANG_WARN_OBJC_LITERAL_CONVERSION = YES;
				CLANG_WARN_OBJC_ROOT_CLASS = YES_ERROR;
				CLANG_WARN_RANGE_LOOP_ANALYSIS = YES;
				CLANG_WARN_STRICT_PROTOTYPES = YES;
				CLANG_WARN_SUSPICIOUS_MOVE = YES;
				CLANG_WARN_UNGUARDED_AVAILABILITY = YES_AGGRESSIVE;
				CLANG_WARN_UNREACHABLE_CODE = YES;
				CLANG_WARN__DUPLICATE_METHOD_MATCH = YES;
				CODE_SIGN_IDENTITY = "iPhone Developer";
				COPY_PHASE_STRIP = NO;
				DEBUG_INFORMATION_FORMAT = "dwarf-with-dsym";
				ENABLE_NS_ASSERTIONS = NO;
				ENABLE_STRICT_OBJC_MSGSEND = YES;
				GCC_C_LANGUAGE_STANDARD = gnu11;
				GCC_NO_COMMON_BLOCKS = YES;
				GCC_WARN_64_TO_32_BIT_CONVERSION = YES;
				GCC_WARN_ABOUT_RETURN_TYPE = YES_ERROR;
				GCC_WARN_UNDECLARED_SELECTOR = YES;
				GCC_WARN_UNINITIALIZED_AUTOS = YES_AGGRESSIVE;
				GCC_WARN_UNUSED_FUNCTION = YES;
				GCC_WARN_UNUSED_VARIABLE = YES;
				IPHONEOS_DEPLOYMENT_TARGET = 12.2;
				MTL_ENABLE_DEBUG_INFO = NO;
				MTL_FAST_MATH = YES;
				SDKROOT = iphoneos;
				SWIFT_COMPILATION_MODE = wholemodule;
				SWIFT_OPTIMIZATION_LEVEL = "-O";
				VALIDATE_PRODUCT = YES;
			};
			name = Release;
		};
		57871FB822675B0B0052E0A4 /* Debug */ = {
			isa = XCBuildConfiguration;
			baseConfigurationReference = 384087D43BBB4467CEC2535E /* Pods-GeekShop.debug.xcconfig */;
			buildSettings = {
				ASSETCATALOG_COMPILER_APPICON_NAME = AppIcon;
				CODE_SIGN_STYLE = Automatic;
				DEFINES_MODULE = YES;
				DEVELOPMENT_TEAM = YX6VKW92JQ;
				INFOPLIST_FILE = GeekShop/Environments/Info.plist;
				IPHONEOS_DEPLOYMENT_TARGET = 13.2;
				LD_RUNPATH_SEARCH_PATHS = (
					"$(inherited)",
					"@executable_path/Frameworks",
				);
				MODULE_NAME = "";
				PRODUCT_BUNDLE_IDENTIFIER = "artemkufaev.Geek-Shop";
				PRODUCT_NAME = "$(TARGET_NAME)";
				SWIFT_VERSION = 5.0;
				TARGETED_DEVICE_FAMILY = 1;
			};
			name = Debug;
		};
		57871FB922675B0B0052E0A4 /* Release */ = {
			isa = XCBuildConfiguration;
			baseConfigurationReference = A113277601C2C392B02714BF /* Pods-GeekShop.release.xcconfig */;
			buildSettings = {
				ASSETCATALOG_COMPILER_APPICON_NAME = AppIcon;
				CODE_SIGN_STYLE = Automatic;
				DEFINES_MODULE = YES;
				DEVELOPMENT_TEAM = YX6VKW92JQ;
				INFOPLIST_FILE = GeekShop/Environments/Info.plist;
				IPHONEOS_DEPLOYMENT_TARGET = 13.2;
				LD_RUNPATH_SEARCH_PATHS = (
					"$(inherited)",
					"@executable_path/Frameworks",
				);
				MODULE_NAME = "";
				PRODUCT_BUNDLE_IDENTIFIER = "artemkufaev.Geek-Shop";
				PRODUCT_NAME = "$(TARGET_NAME)";
				SWIFT_VERSION = 5.0;
				TARGETED_DEVICE_FAMILY = 1;
			};
			name = Release;
		};
		57C629482273850100C6080F /* Debug */ = {
			isa = XCBuildConfiguration;
			baseConfigurationReference = 62C3873B4EAD58530316CBC6 /* Pods-GeekShopUnitTests.debug.xcconfig */;
			buildSettings = {
				BUNDLE_LOADER = "$(TEST_HOST)";
				CODE_SIGN_STYLE = Automatic;
				DEVELOPMENT_TEAM = YX6VKW92JQ;
				INFOPLIST_FILE = GeekShopUnitTests/Info.plist;
				LD_RUNPATH_SEARCH_PATHS = (
					"$(inherited)",
					"@executable_path/Frameworks",
					"@loader_path/Frameworks",
				);
				PRODUCT_BUNDLE_IDENTIFIER = artemkufaev.GeekShopUnitTests;
				PRODUCT_NAME = "$(TARGET_NAME)";
				SWIFT_VERSION = 5.0;
				TEST_HOST = "$(BUILT_PRODUCTS_DIR)/GeekShop.app/GeekShop";
			};
			name = Debug;
		};
		57C629492273850100C6080F /* Release */ = {
			isa = XCBuildConfiguration;
			baseConfigurationReference = 73998769596CA2419D7EEE6B /* Pods-GeekShopUnitTests.release.xcconfig */;
			buildSettings = {
				BUNDLE_LOADER = "$(TEST_HOST)";
				CODE_SIGN_STYLE = Automatic;
				DEVELOPMENT_TEAM = YX6VKW92JQ;
				INFOPLIST_FILE = GeekShopUnitTests/Info.plist;
				LD_RUNPATH_SEARCH_PATHS = (
					"$(inherited)",
					"@executable_path/Frameworks",
					"@loader_path/Frameworks",
				);
				PRODUCT_BUNDLE_IDENTIFIER = artemkufaev.GeekShopUnitTests;
				PRODUCT_NAME = "$(TARGET_NAME)";
				SWIFT_VERSION = 5.0;
				TEST_HOST = "$(BUILT_PRODUCTS_DIR)/GeekShop.app/GeekShop";
			};
			name = Release;
		};
/* End XCBuildConfiguration section */

/* Begin XCConfigurationList section */
		57871FA022675B090052E0A4 /* Build configuration list for PBXProject "GeekShop" */ = {
			isa = XCConfigurationList;
			buildConfigurations = (
				57871FB522675B0B0052E0A4 /* Debug */,
				57871FB622675B0B0052E0A4 /* Release */,
			);
			defaultConfigurationIsVisible = 0;
			defaultConfigurationName = Release;
		};
		57871FB722675B0B0052E0A4 /* Build configuration list for PBXNativeTarget "GeekShop" */ = {
			isa = XCConfigurationList;
			buildConfigurations = (
				57871FB822675B0B0052E0A4 /* Debug */,
				57871FB922675B0B0052E0A4 /* Release */,
			);
			defaultConfigurationIsVisible = 0;
			defaultConfigurationName = Release;
		};
		57C629472273850100C6080F /* Build configuration list for PBXNativeTarget "GeekShopUnitTests" */ = {
			isa = XCConfigurationList;
			buildConfigurations = (
				57C629482273850100C6080F /* Debug */,
				57C629492273850100C6080F /* Release */,
			);
			defaultConfigurationIsVisible = 0;
			defaultConfigurationName = Release;
		};
/* End XCConfigurationList section */
	};
	rootObject = 57871F9D22675B090052E0A4 /* Project object */;
}
