// !$*UTF8*$!
{
	archiveVersion = 1;
	classes = {
	};
	objectVersion = 50;
	objects = {

/* Begin PBXBuildFile section */
		57871FA922675B090052E0A4 /* AppDelegate.swift in Sources */ = {isa = PBXBuildFile; fileRef = 57871FA822675B090052E0A4 /* AppDelegate.swift */; };
		57871FB022675B0B0052E0A4 /* Assets.xcassets in Resources */ = {isa = PBXBuildFile; fileRef = 57871FAF22675B0B0052E0A4 /* Assets.xcassets */; };
		57871FB322675B0B0052E0A4 /* LaunchScreen.storyboard in Resources */ = {isa = PBXBuildFile; fileRef = 57871FB122675B0B0052E0A4 /* LaunchScreen.storyboard */; };
		57DB49D4226F2FCA000FCA53 /* AbstractErrorParser.swift in Sources */ = {isa = PBXBuildFile; fileRef = 57DB49D3226F2FCA000FCA53 /* AbstractErrorParser.swift */; };
		57DB49D6226F2FF5000FCA53 /* ErrorParser.swift in Sources */ = {isa = PBXBuildFile; fileRef = 57DB49D5226F2FF5000FCA53 /* ErrorParser.swift */; };
		57DB49D8226F3065000FCA53 /* DataRequest.swift in Sources */ = {isa = PBXBuildFile; fileRef = 57DB49D7226F3065000FCA53 /* DataRequest.swift */; };
		57DB49DA226F310B000FCA53 /* RequestRouter.swift in Sources */ = {isa = PBXBuildFile; fileRef = 57DB49D9226F310B000FCA53 /* RequestRouter.swift */; };
		57DB49DC226F3163000FCA53 /* AbstractRequestFactory.swift in Sources */ = {isa = PBXBuildFile; fileRef = 57DB49DB226F3163000FCA53 /* AbstractRequestFactory.swift */; };
		57DB49DF226F378F000FCA53 /* AuthRequestFactory.swift in Sources */ = {isa = PBXBuildFile; fileRef = 57DB49DE226F378F000FCA53 /* AuthRequestFactory.swift */; };
		57DB49E1226F379B000FCA53 /* Auth.swift in Sources */ = {isa = PBXBuildFile; fileRef = 57DB49E0226F379B000FCA53 /* Auth.swift */; };
		57DB49E3226F37AD000FCA53 /* RequestFactory.swift in Sources */ = {isa = PBXBuildFile; fileRef = 57DB49E2226F37AD000FCA53 /* RequestFactory.swift */; };
		57DB49E5226F37E2000FCA53 /* LoginResult.swift in Sources */ = {isa = PBXBuildFile; fileRef = 57DB49E4226F37E2000FCA53 /* LoginResult.swift */; };
		57DB49E7226F37ED000FCA53 /* User.swift in Sources */ = {isa = PBXBuildFile; fileRef = 57DB49E6226F37ED000FCA53 /* User.swift */; };
		57DB49E9226F41C5000FCA53 /* RegistrResult.swift in Sources */ = {isa = PBXBuildFile; fileRef = 57DB49E8226F41C5000FCA53 /* RegistrResult.swift */; };
		57DB49EB226F43B6000FCA53 /* LogoutResult.swift in Sources */ = {isa = PBXBuildFile; fileRef = 57DB49EA226F43B6000FCA53 /* LogoutResult.swift */; };
		C8E3DF1DC0BE9526C3509CBA /* Pods_GU_Shop.framework in Frameworks */ = {isa = PBXBuildFile; fileRef = 65AAE8DB460AA639C5BA46D8 /* Pods_GU_Shop.framework */; };
/* End PBXBuildFile section */

/* Begin PBXFileReference section */
		552326635806B0B97705C5BB /* Pods-GU-Shop.debug.xcconfig */ = {isa = PBXFileReference; includeInIndex = 1; lastKnownFileType = text.xcconfig; name = "Pods-GU-Shop.debug.xcconfig"; path = "Target Support Files/Pods-GU-Shop/Pods-GU-Shop.debug.xcconfig"; sourceTree = "<group>"; };
		57871FA522675B090052E0A4 /* GU-Shop.app */ = {isa = PBXFileReference; explicitFileType = wrapper.application; includeInIndex = 0; path = "GU-Shop.app"; sourceTree = BUILT_PRODUCTS_DIR; };
		57871FA822675B090052E0A4 /* AppDelegate.swift */ = {isa = PBXFileReference; lastKnownFileType = sourcecode.swift; path = AppDelegate.swift; sourceTree = "<group>"; };
		57871FAF22675B0B0052E0A4 /* Assets.xcassets */ = {isa = PBXFileReference; lastKnownFileType = folder.assetcatalog; path = Assets.xcassets; sourceTree = "<group>"; };
		57871FB222675B0B0052E0A4 /* Base */ = {isa = PBXFileReference; lastKnownFileType = file.storyboard; name = Base; path = Base.lproj/LaunchScreen.storyboard; sourceTree = "<group>"; };
		57871FB422675B0B0052E0A4 /* Info.plist */ = {isa = PBXFileReference; lastKnownFileType = text.plist.xml; path = Info.plist; sourceTree = "<group>"; };
		57DB49D3226F2FCA000FCA53 /* AbstractErrorParser.swift */ = {isa = PBXFileReference; lastKnownFileType = sourcecode.swift; path = AbstractErrorParser.swift; sourceTree = "<group>"; };
		57DB49D5226F2FF5000FCA53 /* ErrorParser.swift */ = {isa = PBXFileReference; lastKnownFileType = sourcecode.swift; path = ErrorParser.swift; sourceTree = "<group>"; };
		57DB49D7226F3065000FCA53 /* DataRequest.swift */ = {isa = PBXFileReference; lastKnownFileType = sourcecode.swift; path = DataRequest.swift; sourceTree = "<group>"; };
		57DB49D9226F310B000FCA53 /* RequestRouter.swift */ = {isa = PBXFileReference; lastKnownFileType = sourcecode.swift; path = RequestRouter.swift; sourceTree = "<group>"; };
		57DB49DB226F3163000FCA53 /* AbstractRequestFactory.swift */ = {isa = PBXFileReference; lastKnownFileType = sourcecode.swift; path = AbstractRequestFactory.swift; sourceTree = "<group>"; };
		57DB49DE226F378F000FCA53 /* AuthRequestFactory.swift */ = {isa = PBXFileReference; lastKnownFileType = sourcecode.swift; path = AuthRequestFactory.swift; sourceTree = "<group>"; };
		57DB49E0226F379B000FCA53 /* Auth.swift */ = {isa = PBXFileReference; lastKnownFileType = sourcecode.swift; path = Auth.swift; sourceTree = "<group>"; };
		57DB49E2226F37AD000FCA53 /* RequestFactory.swift */ = {isa = PBXFileReference; lastKnownFileType = sourcecode.swift; path = RequestFactory.swift; sourceTree = "<group>"; };
		57DB49E4226F37E2000FCA53 /* LoginResult.swift */ = {isa = PBXFileReference; lastKnownFileType = sourcecode.swift; path = LoginResult.swift; sourceTree = "<group>"; };
		57DB49E6226F37ED000FCA53 /* User.swift */ = {isa = PBXFileReference; lastKnownFileType = sourcecode.swift; path = User.swift; sourceTree = "<group>"; };
		57DB49E8226F41C5000FCA53 /* RegistrResult.swift */ = {isa = PBXFileReference; lastKnownFileType = sourcecode.swift; path = RegistrResult.swift; sourceTree = "<group>"; };
		57DB49EA226F43B6000FCA53 /* LogoutResult.swift */ = {isa = PBXFileReference; lastKnownFileType = sourcecode.swift; path = LogoutResult.swift; sourceTree = "<group>"; };
		65AAE8DB460AA639C5BA46D8 /* Pods_GU_Shop.framework */ = {isa = PBXFileReference; explicitFileType = wrapper.framework; includeInIndex = 0; path = Pods_GU_Shop.framework; sourceTree = BUILT_PRODUCTS_DIR; };
		EB36AAE7698ADF735BBC851E /* Pods-GU-Shop.release.xcconfig */ = {isa = PBXFileReference; includeInIndex = 1; lastKnownFileType = text.xcconfig; name = "Pods-GU-Shop.release.xcconfig"; path = "Target Support Files/Pods-GU-Shop/Pods-GU-Shop.release.xcconfig"; sourceTree = "<group>"; };
/* End PBXFileReference section */

/* Begin PBXFrameworksBuildPhase section */
		57871FA222675B090052E0A4 /* Frameworks */ = {
			isa = PBXFrameworksBuildPhase;
			buildActionMask = 2147483647;
			files = (
				C8E3DF1DC0BE9526C3509CBA /* Pods_GU_Shop.framework in Frameworks */,
			);
			runOnlyForDeploymentPostprocessing = 0;
		};
/* End PBXFrameworksBuildPhase section */

/* Begin PBXGroup section */
		57871F9C22675B090052E0A4 = {
			isa = PBXGroup;
			children = (
				57871FA722675B090052E0A4 /* GU-Shop */,
				57871FA622675B090052E0A4 /* Products */,
				AAE1AEB4C45A0453DBB0173C /* Pods */,
				BE64A779A15558484FB58E5D /* Frameworks */,
			);
			sourceTree = "<group>";
		};
		57871FA622675B090052E0A4 /* Products */ = {
			isa = PBXGroup;
			children = (
				57871FA522675B090052E0A4 /* GU-Shop.app */,
			);
			name = Products;
			sourceTree = "<group>";
		};
		57871FA722675B090052E0A4 /* GU-Shop */ = {
			isa = PBXGroup;
			children = (
				57871FBA22675E800052E0A4 /* App */,
				57871FBF22675EA40052E0A4 /* Core */,
				57871FC022675EAB0052E0A4 /* Resources */,
				57871FC122675EB20052E0A4 /* Environments */,
			);
			path = "GU-Shop";
			sourceTree = "<group>";
		};
		57871FBA22675E800052E0A4 /* App */ = {
			isa = PBXGroup;
			children = (
				57871FA822675B090052E0A4 /* AppDelegate.swift */,
				57871FBE22675E960052E0A4 /* BusinessLogic */,
				57871FBD22675E910052E0A4 /* Entity */,
				57871FBC22675E8B0052E0A4 /* Assembly */,
				57871FBB22675E860052E0A4 /* Flows */,
			);
			path = App;
			sourceTree = "<group>";
		};
		57871FBB22675E860052E0A4 /* Flows */ = {
			isa = PBXGroup;
			children = (
			);
			path = Flows;
			sourceTree = "<group>";
		};
		57871FBC22675E8B0052E0A4 /* Assembly */ = {
			isa = PBXGroup;
			children = (
			);
			path = Assembly;
			sourceTree = "<group>";
		};
		57871FBD22675E910052E0A4 /* Entity */ = {
			isa = PBXGroup;
			children = (
				57DB49E4226F37E2000FCA53 /* LoginResult.swift */,
				57DB49EA226F43B6000FCA53 /* LogoutResult.swift */,
				57DB49E8226F41C5000FCA53 /* RegistrResult.swift */,
				57DB49E6226F37ED000FCA53 /* User.swift */,
			);
			path = Entity;
			sourceTree = "<group>";
		};
		57871FBE22675E960052E0A4 /* BusinessLogic */ = {
			isa = PBXGroup;
			children = (
				57DB49DD226F3495000FCA53 /* Network */,
			);
			path = BusinessLogic;
			sourceTree = "<group>";
		};
		57871FBF22675EA40052E0A4 /* Core */ = {
			isa = PBXGroup;
			children = (
				57DB49D2226F2F9E000FCA53 /* Network */,
			);
			path = Core;
			sourceTree = "<group>";
		};
		57871FC022675EAB0052E0A4 /* Resources */ = {
			isa = PBXGroup;
			children = (
				57871FAF22675B0B0052E0A4 /* Assets.xcassets */,
				57871FB122675B0B0052E0A4 /* LaunchScreen.storyboard */,
			);
			path = Resources;
			sourceTree = "<group>";
		};
		57871FC122675EB20052E0A4 /* Environments */ = {
			isa = PBXGroup;
			children = (
				57871FB422675B0B0052E0A4 /* Info.plist */,
			);
			path = Environments;
			sourceTree = "<group>";
		};
		57DB49D2226F2F9E000FCA53 /* Network */ = {
			isa = PBXGroup;
			children = (
				57DB49D3226F2FCA000FCA53 /* AbstractErrorParser.swift */,
				57DB49D5226F2FF5000FCA53 /* ErrorParser.swift */,
				57DB49D7226F3065000FCA53 /* DataRequest.swift */,
				57DB49DB226F3163000FCA53 /* AbstractRequestFactory.swift */,
				57DB49D9226F310B000FCA53 /* RequestRouter.swift */,
			);
			path = Network;
			sourceTree = "<group>";
		};
		57DB49DD226F3495000FCA53 /* Network */ = {
			isa = PBXGroup;
			children = (
				57DB49DE226F378F000FCA53 /* AuthRequestFactory.swift */,
				57DB49E0226F379B000FCA53 /* Auth.swift */,
				57DB49E2226F37AD000FCA53 /* RequestFactory.swift */,
			);
			path = Network;
			sourceTree = "<group>";
		};
		AAE1AEB4C45A0453DBB0173C /* Pods */ = {
			isa = PBXGroup;
			children = (
				552326635806B0B97705C5BB /* Pods-GU-Shop.debug.xcconfig */,
				EB36AAE7698ADF735BBC851E /* Pods-GU-Shop.release.xcconfig */,
			);
			path = Pods;
			sourceTree = "<group>";
		};
		BE64A779A15558484FB58E5D /* Frameworks */ = {
			isa = PBXGroup;
			children = (
				65AAE8DB460AA639C5BA46D8 /* Pods_GU_Shop.framework */,
			);
			name = Frameworks;
			sourceTree = "<group>";
		};
/* End PBXGroup section */

/* Begin PBXNativeTarget section */
		57871FA422675B090052E0A4 /* GU-Shop */ = {
			isa = PBXNativeTarget;
			buildConfigurationList = 57871FB722675B0B0052E0A4 /* Build configuration list for PBXNativeTarget "GU-Shop" */;
			buildPhases = (
				98BE9A24DC5475BF349CEC3F /* [CP] Check Pods Manifest.lock */,
				57871FA122675B090052E0A4 /* Sources */,
				57871FA222675B090052E0A4 /* Frameworks */,
				57871FA322675B090052E0A4 /* Resources */,
				F6272037FC5934BCBF4F61AE /* [CP] Embed Pods Frameworks */,
			);
			buildRules = (
			);
			dependencies = (
			);
			name = "GU-Shop";
			productName = "GU-Shop";
			productReference = 57871FA522675B090052E0A4 /* GU-Shop.app */;
			productType = "com.apple.product-type.application";
		};
/* End PBXNativeTarget section */

/* Begin PBXProject section */
		57871F9D22675B090052E0A4 /* Project object */ = {
			isa = PBXProject;
			attributes = {
				LastSwiftUpdateCheck = 1020;
				LastUpgradeCheck = 1020;
				ORGANIZATIONNAME = "Artem Kufaev";
				TargetAttributes = {
					57871FA422675B090052E0A4 = {
						CreatedOnToolsVersion = 10.2;
					};
				};
			};
			buildConfigurationList = 57871FA022675B090052E0A4 /* Build configuration list for PBXProject "GU-Shop" */;
			compatibilityVersion = "Xcode 9.3";
			developmentRegion = en;
			hasScannedForEncodings = 0;
			knownRegions = (
				en,
				Base,
			);
			mainGroup = 57871F9C22675B090052E0A4;
			productRefGroup = 57871FA622675B090052E0A4 /* Products */;
			projectDirPath = "";
			projectRoot = "";
			targets = (
				57871FA422675B090052E0A4 /* GU-Shop */,
			);
		};
/* End PBXProject section */

/* Begin PBXResourcesBuildPhase section */
		57871FA322675B090052E0A4 /* Resources */ = {
			isa = PBXResourcesBuildPhase;
			buildActionMask = 2147483647;
			files = (
				57871FB322675B0B0052E0A4 /* LaunchScreen.storyboard in Resources */,
				57871FB022675B0B0052E0A4 /* Assets.xcassets in Resources */,
			);
			runOnlyForDeploymentPostprocessing = 0;
		};
/* End PBXResourcesBuildPhase section */

/* Begin PBXShellScriptBuildPhase section */
		98BE9A24DC5475BF349CEC3F /* [CP] Check Pods Manifest.lock */ = {
			isa = PBXShellScriptBuildPhase;
			buildActionMask = 2147483647;
			files = (
			);
			inputFileListPaths = (
			);
			inputPaths = (
				"${PODS_PODFILE_DIR_PATH}/Podfile.lock",
				"${PODS_ROOT}/Manifest.lock",
			);
			name = "[CP] Check Pods Manifest.lock";
			outputFileListPaths = (
			);
			outputPaths = (
				"$(DERIVED_FILE_DIR)/Pods-GU-Shop-checkManifestLockResult.txt",
			);
			runOnlyForDeploymentPostprocessing = 0;
			shellPath = /bin/sh;
			shellScript = "diff \"${PODS_PODFILE_DIR_PATH}/Podfile.lock\" \"${PODS_ROOT}/Manifest.lock\" > /dev/null\nif [ $? != 0 ] ; then\n    # print error to STDERR\n    echo \"error: The sandbox is not in sync with the Podfile.lock. Run 'pod install' or update your CocoaPods installation.\" >&2\n    exit 1\nfi\n# This output is used by Xcode 'outputs' to avoid re-running this script phase.\necho \"SUCCESS\" > \"${SCRIPT_OUTPUT_FILE_0}\"\n";
			showEnvVarsInLog = 0;
		};
		F6272037FC5934BCBF4F61AE /* [CP] Embed Pods Frameworks */ = {
			isa = PBXShellScriptBuildPhase;
			buildActionMask = 2147483647;
			files = (
			);
			inputFileListPaths = (
			);
			inputPaths = (
				"${PODS_ROOT}/Target Support Files/Pods-GU-Shop/Pods-GU-Shop-frameworks.sh",
				"${BUILT_PRODUCTS_DIR}/Alamofire/Alamofire.framework",
				"${BUILT_PRODUCTS_DIR}/Swinject/Swinject.framework",
			);
			name = "[CP] Embed Pods Frameworks";
			outputFileListPaths = (
			);
			outputPaths = (
				"${TARGET_BUILD_DIR}/${FRAMEWORKS_FOLDER_PATH}/Alamofire.framework",
				"${TARGET_BUILD_DIR}/${FRAMEWORKS_FOLDER_PATH}/Swinject.framework",
			);
			runOnlyForDeploymentPostprocessing = 0;
			shellPath = /bin/sh;
			shellScript = "\"${PODS_ROOT}/Target Support Files/Pods-GU-Shop/Pods-GU-Shop-frameworks.sh\"\n";
			showEnvVarsInLog = 0;
		};
/* End PBXShellScriptBuildPhase section */

/* Begin PBXSourcesBuildPhase section */
		57871FA122675B090052E0A4 /* Sources */ = {
			isa = PBXSourcesBuildPhase;
			buildActionMask = 2147483647;
			files = (
				57DB49E3226F37AD000FCA53 /* RequestFactory.swift in Sources */,
				57871FA922675B090052E0A4 /* AppDelegate.swift in Sources */,
				57DB49EB226F43B6000FCA53 /* LogoutResult.swift in Sources */,
				57DB49E5226F37E2000FCA53 /* LoginResult.swift in Sources */,
				57DB49DA226F310B000FCA53 /* RequestRouter.swift in Sources */,
				57DB49D6226F2FF5000FCA53 /* ErrorParser.swift in Sources */,
				57DB49E9226F41C5000FCA53 /* RegistrResult.swift in Sources */,
				57DB49DF226F378F000FCA53 /* AuthRequestFactory.swift in Sources */,
				57DB49D4226F2FCA000FCA53 /* AbstractErrorParser.swift in Sources */,
				57DB49DC226F3163000FCA53 /* AbstractRequestFactory.swift in Sources */,
				57DB49D8226F3065000FCA53 /* DataRequest.swift in Sources */,
				57DB49E1226F379B000FCA53 /* Auth.swift in Sources */,
				57DB49E7226F37ED000FCA53 /* User.swift in Sources */,
			);
			runOnlyForDeploymentPostprocessing = 0;
		};
/* End PBXSourcesBuildPhase section */

/* Begin PBXVariantGroup section */
		57871FB122675B0B0052E0A4 /* LaunchScreen.storyboard */ = {
			isa = PBXVariantGroup;
			children = (
				57871FB222675B0B0052E0A4 /* Base */,
			);
			name = LaunchScreen.storyboard;
			sourceTree = "<group>";
		};
/* End PBXVariantGroup section */

/* Begin XCBuildConfiguration section */
		57871FB522675B0B0052E0A4 /* Debug */ = {
			isa = XCBuildConfiguration;
			buildSettings = {
				ALWAYS_SEARCH_USER_PATHS = NO;
				CLANG_ANALYZER_NONNULL = YES;
				CLANG_ANALYZER_NUMBER_OBJECT_CONVERSION = YES_AGGRESSIVE;
				CLANG_CXX_LANGUAGE_STANDARD = "gnu++14";
				CLANG_CXX_LIBRARY = "libc++";
				CLANG_ENABLE_MODULES = YES;
				CLANG_ENABLE_OBJC_ARC = YES;
				CLANG_ENABLE_OBJC_WEAK = YES;
				CLANG_WARN_BLOCK_CAPTURE_AUTORELEASING = YES;
				CLANG_WARN_BOOL_CONVERSION = YES;
				CLANG_WARN_COMMA = YES;
				CLANG_WARN_CONSTANT_CONVERSION = YES;
				CLANG_WARN_DEPRECATED_OBJC_IMPLEMENTATIONS = YES;
				CLANG_WARN_DIRECT_OBJC_ISA_USAGE = YES_ERROR;
				CLANG_WARN_DOCUMENTATION_COMMENTS = YES;
				CLANG_WARN_EMPTY_BODY = YES;
				CLANG_WARN_ENUM_CONVERSION = YES;
				CLANG_WARN_INFINITE_RECURSION = YES;
				CLANG_WARN_INT_CONVERSION = YES;
				CLANG_WARN_NON_LITERAL_NULL_CONVERSION = YES;
				CLANG_WARN_OBJC_IMPLICIT_RETAIN_SELF = YES;
				CLANG_WARN_OBJC_LITERAL_CONVERSION = YES;
				CLANG_WARN_OBJC_ROOT_CLASS = YES_ERROR;
				CLANG_WARN_RANGE_LOOP_ANALYSIS = YES;
				CLANG_WARN_STRICT_PROTOTYPES = YES;
				CLANG_WARN_SUSPICIOUS_MOVE = YES;
				CLANG_WARN_UNGUARDED_AVAILABILITY = YES_AGGRESSIVE;
				CLANG_WARN_UNREACHABLE_CODE = YES;
				CLANG_WARN__DUPLICATE_METHOD_MATCH = YES;
				CODE_SIGN_IDENTITY = "iPhone Developer";
				COPY_PHASE_STRIP = NO;
				DEBUG_INFORMATION_FORMAT = dwarf;
				ENABLE_STRICT_OBJC_MSGSEND = YES;
				ENABLE_TESTABILITY = YES;
				GCC_C_LANGUAGE_STANDARD = gnu11;
				GCC_DYNAMIC_NO_PIC = NO;
				GCC_NO_COMMON_BLOCKS = YES;
				GCC_OPTIMIZATION_LEVEL = 0;
				GCC_PREPROCESSOR_DEFINITIONS = (
					"DEBUG=1",
					"$(inherited)",
				);
				GCC_WARN_64_TO_32_BIT_CONVERSION = YES;
				GCC_WARN_ABOUT_RETURN_TYPE = YES_ERROR;
				GCC_WARN_UNDECLARED_SELECTOR = YES;
				GCC_WARN_UNINITIALIZED_AUTOS = YES_AGGRESSIVE;
				GCC_WARN_UNUSED_FUNCTION = YES;
				GCC_WARN_UNUSED_VARIABLE = YES;
				IPHONEOS_DEPLOYMENT_TARGET = 12.2;
				MTL_ENABLE_DEBUG_INFO = INCLUDE_SOURCE;
				MTL_FAST_MATH = YES;
				ONLY_ACTIVE_ARCH = YES;
				SDKROOT = iphoneos;
				SWIFT_ACTIVE_COMPILATION_CONDITIONS = DEBUG;
				SWIFT_OPTIMIZATION_LEVEL = "-Onone";
			};
			name = Debug;
		};
		57871FB622675B0B0052E0A4 /* Release */ = {
			isa = XCBuildConfiguration;
			buildSettings = {
				ALWAYS_SEARCH_USER_PATHS = NO;
				CLANG_ANALYZER_NONNULL = YES;
				CLANG_ANALYZER_NUMBER_OBJECT_CONVERSION = YES_AGGRESSIVE;
				CLANG_CXX_LANGUAGE_STANDARD = "gnu++14";
				CLANG_CXX_LIBRARY = "libc++";
				CLANG_ENABLE_MODULES = YES;
				CLANG_ENABLE_OBJC_ARC = YES;
				CLANG_ENABLE_OBJC_WEAK = YES;
				CLANG_WARN_BLOCK_CAPTURE_AUTORELEASING = YES;
				CLANG_WARN_BOOL_CONVERSION = YES;
				CLANG_WARN_COMMA = YES;
				CLANG_WARN_CONSTANT_CONVERSION = YES;
				CLANG_WARN_DEPRECATED_OBJC_IMPLEMENTATIONS = YES;
				CLANG_WARN_DIRECT_OBJC_ISA_USAGE = YES_ERROR;
				CLANG_WARN_DOCUMENTATION_COMMENTS = YES;
				CLANG_WARN_EMPTY_BODY = YES;
				CLANG_WARN_ENUM_CONVERSION = YES;
				CLANG_WARN_INFINITE_RECURSION = YES;
				CLANG_WARN_INT_CONVERSION = YES;
				CLANG_WARN_NON_LITERAL_NULL_CONVERSION = YES;
				CLANG_WARN_OBJC_IMPLICIT_RETAIN_SELF = YES;
				CLANG_WARN_OBJC_LITERAL_CONVERSION = YES;
				CLANG_WARN_OBJC_ROOT_CLASS = YES_ERROR;
				CLANG_WARN_RANGE_LOOP_ANALYSIS = YES;
				CLANG_WARN_STRICT_PROTOTYPES = YES;
				CLANG_WARN_SUSPICIOUS_MOVE = YES;
				CLANG_WARN_UNGUARDED_AVAILABILITY = YES_AGGRESSIVE;
				CLANG_WARN_UNREACHABLE_CODE = YES;
				CLANG_WARN__DUPLICATE_METHOD_MATCH = YES;
				CODE_SIGN_IDENTITY = "iPhone Developer";
				COPY_PHASE_STRIP = NO;
				DEBUG_INFORMATION_FORMAT = "dwarf-with-dsym";
				ENABLE_NS_ASSERTIONS = NO;
				ENABLE_STRICT_OBJC_MSGSEND = YES;
				GCC_C_LANGUAGE_STANDARD = gnu11;
				GCC_NO_COMMON_BLOCKS = YES;
				GCC_WARN_64_TO_32_BIT_CONVERSION = YES;
				GCC_WARN_ABOUT_RETURN_TYPE = YES_ERROR;
				GCC_WARN_UNDECLARED_SELECTOR = YES;
				GCC_WARN_UNINITIALIZED_AUTOS = YES_AGGRESSIVE;
				GCC_WARN_UNUSED_FUNCTION = YES;
				GCC_WARN_UNUSED_VARIABLE = YES;
				IPHONEOS_DEPLOYMENT_TARGET = 12.2;
				MTL_ENABLE_DEBUG_INFO = NO;
				MTL_FAST_MATH = YES;
				SDKROOT = iphoneos;
				SWIFT_COMPILATION_MODE = wholemodule;
				SWIFT_OPTIMIZATION_LEVEL = "-O";
				VALIDATE_PRODUCT = YES;
			};
			name = Release;
		};
		57871FB822675B0B0052E0A4 /* Debug */ = {
			isa = XCBuildConfiguration;
			baseConfigurationReference = 552326635806B0B97705C5BB /* Pods-GU-Shop.debug.xcconfig */;
			buildSettings = {
				ASSETCATALOG_COMPILER_APPICON_NAME = AppIcon;
				CODE_SIGN_STYLE = Automatic;
				DEVELOPMENT_TEAM = YX6VKW92JQ;
				INFOPLIST_FILE = "GU-Shop/Environments/Info.plist";
				LD_RUNPATH_SEARCH_PATHS = (
					"$(inherited)",
					"@executable_path/Frameworks",
				);
				PRODUCT_BUNDLE_IDENTIFIER = "artemkufaev.GU-Shop";
				PRODUCT_NAME = "$(TARGET_NAME)";
				SWIFT_VERSION = 5.0;
				TARGETED_DEVICE_FAMILY = 1;
			};
			name = Debug;
		};
		57871FB922675B0B0052E0A4 /* Release */ = {
			isa = XCBuildConfiguration;
			baseConfigurationReference = EB36AAE7698ADF735BBC851E /* Pods-GU-Shop.release.xcconfig */;
			buildSettings = {
				ASSETCATALOG_COMPILER_APPICON_NAME = AppIcon;
				CODE_SIGN_STYLE = Automatic;
				DEVELOPMENT_TEAM = YX6VKW92JQ;
				INFOPLIST_FILE = "GU-Shop/Environments/Info.plist";
				LD_RUNPATH_SEARCH_PATHS = (
					"$(inherited)",
					"@executable_path/Frameworks",
				);
				PRODUCT_BUNDLE_IDENTIFIER = "artemkufaev.GU-Shop";
				PRODUCT_NAME = "$(TARGET_NAME)";
				SWIFT_VERSION = 5.0;
				TARGETED_DEVICE_FAMILY = 1;
			};
			name = Release;
		};
/* End XCBuildConfiguration section */

/* Begin XCConfigurationList section */
		57871FA022675B090052E0A4 /* Build configuration list for PBXProject "GU-Shop" */ = {
			isa = XCConfigurationList;
			buildConfigurations = (
				57871FB522675B0B0052E0A4 /* Debug */,
				57871FB622675B0B0052E0A4 /* Release */,
			);
			defaultConfigurationIsVisible = 0;
			defaultConfigurationName = Release;
		};
		57871FB722675B0B0052E0A4 /* Build configuration list for PBXNativeTarget "GU-Shop" */ = {
			isa = XCConfigurationList;
			buildConfigurations = (
				57871FB822675B0B0052E0A4 /* Debug */,
				57871FB922675B0B0052E0A4 /* Release */,
			);
			defaultConfigurationIsVisible = 0;
			defaultConfigurationName = Release;
		};
/* End XCConfigurationList section */
	};
	rootObject = 57871F9D22675B090052E0A4 /* Project object */;
}
